// !$*UTF8*$!
{
	archiveVersion = 1;
	classes = {
	};
	objectVersion = 46;
	objects = {

/* Begin PBXBuildFile section */
		9E38CC1B1DBC793800DE764F /* main.cpp in Sources */ = {isa = PBXBuildFile; fileRef = 9E38CC1A1DBC793800DE764F /* main.cpp */; };
		9E38CC261DBC799A00DE764F /* bintree.cpp in Sources */ = {isa = PBXBuildFile; fileRef = 9E38CC211DBC799A00DE764F /* bintree.cpp */; };
		9E38CC271DBC799A00DE764F /* nodedata.cpp in Sources */ = {isa = PBXBuildFile; fileRef = 9E38CC241DBC799A00DE764F /* nodedata.cpp */; };
/* End PBXBuildFile section */

/* Begin PBXCopyFilesBuildPhase section */
		9E38CC151DBC793800DE764F /* CopyFiles */ = {
			isa = PBXCopyFilesBuildPhase;
			buildActionMask = 2147483647;
			dstPath = /usr/share/man/man1/;
			dstSubfolderSpec = 0;
			files = (
			);
			runOnlyForDeploymentPostprocessing = 1;
		};
/* End PBXCopyFilesBuildPhase section */

/* Begin PBXFileReference section */
		9E38CC171DBC793800DE764F /* Lab2new */ = {isa = PBXFileReference; explicitFileType = "compiled.mach-o.executable"; includeInIndex = 0; path = Lab2new; sourceTree = BUILT_PRODUCTS_DIR; };
		9E38CC1A1DBC793800DE764F /* main.cpp */ = {isa = PBXFileReference; lastKnownFileType = sourcecode.cpp.cpp; path = main.cpp; sourceTree = "<group>"; };
		9E38CC211DBC799A00DE764F /* bintree.cpp */ = {isa = PBXFileReference; fileEncoding = 4; lastKnownFileType = sourcecode.cpp.cpp; path = bintree.cpp; sourceTree = "<group>"; };
		9E38CC221DBC799A00DE764F /* bintree.h */ = {isa = PBXFileReference; fileEncoding = 4; lastKnownFileType = sourcecode.c.h; path = bintree.h; sourceTree = "<group>"; };
		9E38CC231DBC799A00DE764F /* data2.txt */ = {isa = PBXFileReference; fileEncoding = 4; lastKnownFileType = text; path = data2.txt; sourceTree = "<group>"; };
		9E38CC241DBC799A00DE764F /* nodedata.cpp */ = {isa = PBXFileReference; fileEncoding = 4; lastKnownFileType = sourcecode.cpp.cpp; path = nodedata.cpp; sourceTree = "<group>"; };
		9E38CC251DBC799A00DE764F /* nodedata.h */ = {isa = PBXFileReference; fileEncoding = 4; lastKnownFileType = sourcecode.c.h; path = nodedata.h; sourceTree = "<group>"; };
/* End PBXFileReference section */

/* Begin PBXFrameworksBuildPhase section */
		9E38CC141DBC793800DE764F /* Frameworks */ = {
			isa = PBXFrameworksBuildPhase;
			buildActionMask = 2147483647;
			files = (
			);
			runOnlyForDeploymentPostprocessing = 0;
		};
/* End PBXFrameworksBuildPhase section */

/* Begin PBXGroup section */
		9E38CC0E1DBC793800DE764F = {
			isa = PBXGroup;
			children = (
				9E38CC191DBC793800DE764F /* Lab2new */,
				9E38CC181DBC793800DE764F /* Products */,
			);
			sourceTree = "<group>";
		};
		9E38CC181DBC793800DE764F /* Products */ = {
			isa = PBXGroup;
			children = (
				9E38CC171DBC793800DE764F /* Lab2new */,
			);
			name = Products;
			sourceTree = "<group>";
		};
		9E38CC191DBC793800DE764F /* Lab2new */ = {
			isa = PBXGroup;
			children = (
				9E38CC1A1DBC793800DE764F /* main.cpp */,
				9E38CC211DBC799A00DE764F /* bintree.cpp */,
				9E38CC221DBC799A00DE764F /* bintree.h */,
				9E38CC231DBC799A00DE764F /* data2.txt */,
				9E38CC241DBC799A00DE764F /* nodedata.cpp */,
				9E38CC251DBC799A00DE764F /* nodedata.h */,
			);
			path = Lab2new;
			sourceTree = "<group>";
		};
/* End PBXGroup section */

/* Begin PBXNativeTarget section */
		9E38CC161DBC793800DE764F /* Lab2new */ = {
			isa = PBXNativeTarget;
			buildConfigurationList = 9E38CC1E1DBC793800DE764F /* Build configuration list for PBXNativeTarget "Lab2new" */;
			buildPhases = (
				9E38CC131DBC793800DE764F /* Sources */,
				9E38CC141DBC793800DE764F /* Frameworks */,
				9E38CC151DBC793800DE764F /* CopyFiles */,
			);
			buildRules = (
			);
			dependencies = (
			);
			name = Lab2new;
			productName = Lab2new;
			productReference = 9E38CC171DBC793800DE764F /* Lab2new */;
			productType = "com.apple.product-type.tool";
		};
/* End PBXNativeTarget section */

/* Begin PBXProject section */
		9E38CC0F1DBC793800DE764F /* Project object */ = {
			isa = PBXProject;
			attributes = {
				LastUpgradeCheck = 0800;
				ORGANIZATIONNAME = "Nguyen Nguyen";
				TargetAttributes = {
					9E38CC161DBC793800DE764F = {
						CreatedOnToolsVersion = 8.0;
						ProvisioningStyle = Automatic;
					};
				};
			};
			buildConfigurationList = 9E38CC121DBC793800DE764F /* Build configuration list for PBXProject "Lab2new" */;
			compatibilityVersion = "Xcode 3.2";
			developmentRegion = English;
			hasScannedForEncodings = 0;
			knownRegions = (
				en,
			);
			mainGroup = 9E38CC0E1DBC793800DE764F;
			productRefGroup = 9E38CC181DBC793800DE764F /* Products */;
			projectDirPath = "";
			projectRoot = "";
			targets = (
				9E38CC161DBC793800DE764F /* Lab2new */,
			);
		};
/* End PBXProject section */

/* Begin PBXSourcesBuildPhase section */
		9E38CC131DBC793800DE764F /* Sources */ = {
			isa = PBXSourcesBuildPhase;
			buildActionMask = 2147483647;
			files = (
				9E38CC271DBC799A00DE764F /* nodedata.cpp in Sources */,
				9E38CC1B1DBC793800DE764F /* main.cpp in Sources */,
				9E38CC261DBC799A00DE764F /* bintree.cpp in Sources */,
			);
			runOnlyForDeploymentPostprocessing = 0;
		};
/* End PBXSourcesBuildPhase section */

/* Begin XCBuildConfiguration section */
		9E38CC1C1DBC793800DE764F /* Debug */ = {
			isa = XCBuildConfiguration;
			buildSettings = {
				ALWAYS_SEARCH_USER_PATHS = NO;
				CLANG_ANALYZER_NONNULL = YES;
				CLANG_CXX_LANGUAGE_STANDARD = "gnu++0x";
				CLANG_CXX_LIBRARY = "libc++";
				CLANG_ENABLE_MODULES = YES;
				CLANG_ENABLE_OBJC_ARC = YES;
				CLANG_WARN_BOOL_CONVERSION = YES;
				CLANG_WARN_CONSTANT_CONVERSION = YES;
				CLANG_WARN_DIRECT_OBJC_ISA_USAGE = YES_ERROR;
				CLANG_WARN_DOCUMENTATION_COMMENTS = YES;
				CLANG_WARN_EMPTY_BODY = YES;
				CLANG_WARN_ENUM_CONVERSION = YES;
				CLANG_WARN_INFINITE_RECURSION = YES;
				CLANG_WARN_INT_CONVERSION = YES;
				CLANG_WARN_OBJC_ROOT_CLASS = YES_ERROR;
				CLANG_WARN_SUSPICIOUS_MOVES = YES;
				CLANG_WARN_UNREACHABLE_CODE = YES;
				CLANG_WARN__DUPLICATE_METHOD_MATCH = YES;
				CODE_SIGN_IDENTITY = "-";
				COPY_PHASE_STRIP = NO;
				DEBUG_INFORMATION_FORMAT = dwarf;
				ENABLE_STRICT_OBJC_MSGSEND = YES;
				ENABLE_TESTABILITY = YES;
				GCC_C_LANGUAGE_STANDARD = gnu99;
				GCC_DYNAMIC_NO_PIC = NO;
				GCC_NO_COMMON_BLOCKS = YES;
				GCC_OPTIMIZATION_LEVEL = 0;
				GCC_PREPROCESSOR_DEFINITIONS = (
					"DEBUG=1",
					"$(inherited)",
				);
				GCC_WARN_64_TO_32_BIT_CONVERSION = YES;
				GCC_WARN_ABOUT_RETURN_TYPE = YES_ERROR;
				GCC_WARN_UNDECLARED_SELECTOR = YES;
				GCC_WARN_UNINITIALIZED_AUTOS = YES_AGGRESSIVE;
				GCC_WARN_UNUSED_FUNCTION = YES;
				GCC_WARN_UNUSED_VARIABLE = YES;
				MACOSX_DEPLOYMENT_TARGET = 10.12;
				MTL_ENABLE_DEBUG_INFO = YES;
				ONLY_ACTIVE_ARCH = YES;
				SDKROOT = macosx;
			};
			name = Debug;
		};
		9E38CC1D1DBC793800DE764F /* Release */ = {
			isa = XCBuildConfiguration;
			buildSettings = {
				ALWAYS_SEARCH_USER_PATHS = NO;
				CLANG_ANALYZER_NONNULL = YES;
				CLANG_CXX_LANGUAGE_STANDARD = "gnu++0x";
				CLANG_CXX_LIBRARY = "libc++";
				CLANG_ENABLE_MODULES = YES;
				CLANG_ENABLE_OBJC_ARC = YES;
				CLANG_WARN_BOOL_CONVERSION = YES;
				CLANG_WARN_CONSTANT_CONVERSION = YES;
				CLANG_WARN_DIRECT_OBJC_ISA_USAGE = YES_ERROR;
				CLANG_WARN_DOCUMENTATION_COMMENTS = YES;
				CLANG_WARN_EMPTY_BODY = YES;
				CLANG_WARN_ENUM_CONVERSION = YES;
				CLANG_WARN_INFINITE_RECURSION = YES;
				CLANG_WARN_INT_CONVERSION = YES;
				CLANG_WARN_OBJC_ROOT_CLASS = YES_ERROR;
				CLANG_WARN_SUSPICIOUS_MOVES = YES;
				CLANG_WARN_UNREACHABLE_CODE = YES;
				CLANG_WARN__DUPLICATE_METHOD_MATCH = YES;
				CODE_SIGN_IDENTITY = "-";
				COPY_PHASE_STRIP = NO;
				DEBUG_INFORMATION_FORMAT = "dwarf-with-dsym";
				ENABLE_NS_ASSERTIONS = NO;
				ENABLE_STRICT_OBJC_MSGSEND = YES;
				GCC_C_LANGUAGE_STANDARD = gnu99;
				GCC_NO_COMMON_BLOCKS = YES;
				GCC_WARN_64_TO_32_BIT_CONVERSION = YES;
				GCC_WARN_ABOUT_RETURN_TYPE = YES_ERROR;
				GCC_WARN_UNDECLARED_SELECTOR = YES;
				GCC_WARN_UNINITIALIZED_AUTOS = YES_AGGRESSIVE;
				GCC_WARN_UNUSED_FUNCTION = YES;
				GCC_WARN_UNUSED_VARIABLE = YES;
				MACOSX_DEPLOYMENT_TARGET = 10.12;
				MTL_ENABLE_DEBUG_INFO = NO;
				SDKROOT = macosx;
			};
			name = Release;
		};
		9E38CC1F1DBC793800DE764F /* Debug */ = {
			isa = XCBuildConfiguration;
			buildSettings = {
				PRODUCT_NAME = "$(TARGET_NAME)";
			};
			name = Debug;
		};
		9E38CC201DBC793800DE764F /* Release */ = {
			isa = XCBuildConfiguration;
			buildSettings = {
				PRODUCT_NAME = "$(TARGET_NAME)";
			};
			name = Release;
		};
/* End XCBuildConfiguration section */

/* Begin XCConfigurationList section */
		9E38CC121DBC793800DE764F /* Build configuration list for PBXProject "Lab2new" */ = {
			isa = XCConfigurationList;
			buildConfigurations = (
				9E38CC1C1DBC793800DE764F /* Debug */,
				9E38CC1D1DBC793800DE764F /* Release */,
			);
			defaultConfigurationIsVisible = 0;
			defaultConfigurationName = Release;
		};
		9E38CC1E1DBC793800DE764F /* Build configuration list for PBXNativeTarget "Lab2new" */ = {
			isa = XCConfigurationList;
			buildConfigurations = (
				9E38CC1F1DBC793800DE764F /* Debug */,
				9E38CC201DBC793800DE764F /* Release */,
			);
			defaultConfigurationIsVisible = 0;
		};
/* End XCConfigurationList section */
	};
	rootObject = 9E38CC0F1DBC793800DE764F /* Project object */;
}
